
Microsoft Visual Studio Solution File, Format Version 12.00
# Visual Studio Version 17
VisualStudioVersion = 17.2.32602.215
MinimumVisualStudioVersion = 10.0.40219.1
Project("{FAE04EC0-301F-11D3-BF4B-00C04F79EFBC}") = "EasyAppInsights.Api", "EasyAppInsights.Api\EasyAppInsights.Api.csproj", "{DE08D375-7CA8-4EBE-AE0D-1F799714DB23}"
EndProject
Global
	GlobalSection(SolutionConfigurationPlatforms) = preSolution
		Debug|Any CPU = Debug|Any CPU
		Release|Any CPU = Release|Any CPU
	EndGlobalSection
	GlobalSection(ProjectConfigurationPlatforms) = postSolution
		{DE08D375-7CA8-4EBE-AE0D-1F799714DB23}.Debug|Any CPU.ActiveCfg = Debug|Any CPU
		{DE08D375-7CA8-4EBE-AE0D-1F799714DB23}.Debug|Any CPU.Build.0 = Debug|Any CPU
		{DE08D375-7CA8-4EBE-AE0D-1F799714DB23}.Release|Any CPU.ActiveCfg = Release|Any CPU
		{DE08D375-7CA8-4EBE-AE0D-1F799714DB23}.Release|Any CPU.Build.0 = Release|Any CPU
	EndGlobalSection
	GlobalSection(SolutionProperties) = preSolution
		HideSolutionNode = FALSE
	EndGlobalSection
	GlobalSection(ExtensibilityGlobals) = postSolution
		SolutionGuid = {816AD670-C836-46D3-9938-BA0D4E3D58B0}
	EndGlobalSection
EndGlobal
